# This file is automatically @generated by Poetry 1.8.4 and should not be changed by hand.

[[package]]
name = "sqlglot"
version = "25.32.0"
description = "An easily customizable SQL parser and transpiler"
optional = false
python-versions = ">=3.7"
files = [
    {file = "sqlglot-25.32.0-py3-none-any.whl", hash = "sha256:0f469d14a56ca91929d3453ec9802ba4da2f4c7eba17ee73e39a06d3d3a33e4d"},
    {file = "sqlglot-25.32.0.tar.gz", hash = "sha256:0356754880481c7bce66e05909d02041c5957ae9be5f2ae874b80fbe9f81470b"},
]

[package.extras]
dev = ["duckdb (>=0.6)", "maturin (>=1.4,<2.0)", "mypy", "pandas", "pandas-stubs", "pdoc", "pre-commit", "python-dateutil", "pytz", "ruff (==0.7.2)", "types-python-dateutil", "types-pytz", "typing-extensions"]
rs = ["sqlglotrs (==0.3.0)"]

[metadata]
lock-version = "2.0"
python-versions = "^3.11"
content-hash = "12e09e2581384cba974bd24eec25216c44ac91892d78c936d8f6c0284cbc7348"
